
Microsoft Visual Studio Solution File, Format Version 12.00
# Visual Studio Version 17
VisualStudioVersion = 17.5.002.0
MinimumVisualStudioVersion = 10.0.40219.1
Project("{9A19103F-16F7-4668-BE54-9A1E7A4F7556}") = "aggregation-test", "aggregation-test.csproj", "{F4318237-48F9-4062-A868-13C1DCC7786C}"
EndProject
Global
	GlobalSection(SolutionConfigurationPlatforms) = preSolution
		Debug|Any CPU = Debug|Any CPU
		Release|Any CPU = Release|Any CPU
	EndGlobalSection
	GlobalSection(ProjectConfigurationPlatforms) = postSolution
		{F4318237-48F9-4062-A868-13C1DCC7786C}.Debug|Any CPU.ActiveCfg = Debug|Any CPU
		{F4318237-48F9-4062-A868-13C1DCC7786C}.Debug|Any CPU.Build.0 = Debug|Any CPU
		{F4318237-48F9-4062-A868-13C1DCC7786C}.Release|Any CPU.ActiveCfg = Release|Any CPU
		{F4318237-48F9-4062-A868-13C1DCC7786C}.Release|Any CPU.Build.0 = Release|Any CPU
	EndGlobalSection
	GlobalSection(SolutionProperties) = preSolution
		HideSolutionNode = FALSE
	EndGlobalSection
	GlobalSection(ExtensibilityGlobals) = postSolution
		SolutionGuid = {8BE5C060-AB5F-4553-B23E-07A7181A64A5}
	EndGlobalSection
EndGlobal
